
Microsoft Visual Studio Solution File, Format Version 12.00
Project("{FAE04EC0-301F-11D3-BF4B-00C04F79EFBC}") = "Pildoras", "Pildoras\Pildoras.csproj", "{6864DAE9-FE90-4F27-993F-5EC1A2C5CDEE}"
EndProject
Global
	GlobalSection(SolutionConfigurationPlatforms) = preSolution
		Debug|Any CPU = Debug|Any CPU
		Release|Any CPU = Release|Any CPU
	EndGlobalSection
	GlobalSection(ProjectConfigurationPlatforms) = postSolution
		{6864DAE9-FE90-4F27-993F-5EC1A2C5CDEE}.Debug|Any CPU.ActiveCfg = Debug|Any CPU
		{6864DAE9-FE90-4F27-993F-5EC1A2C5CDEE}.Debug|Any CPU.Build.0 = Debug|Any CPU
		{6864DAE9-FE90-4F27-993F-5EC1A2C5CDEE}.Release|Any CPU.ActiveCfg = Release|Any CPU
		{6864DAE9-FE90-4F27-993F-5EC1A2C5CDEE}.Release|Any CPU.Build.0 = Release|Any CPU
	EndGlobalSection
EndGlobal
